
Microsoft Visual Studio Solution File, Format Version 12.00
# Visual Studio Version 16
VisualStudioVersion = 16.0.30503.244
MinimumVisualStudioVersion = 10.0.40219.1
Project("{9A19103F-16F7-4668-BE54-9A1E7A4F7556}") = "PudelkoApp", "Pudelko-lab\PudelkoApp.csproj", "{BAECD01D-C433-4F01-9696-E7493CF10D1B}"
EndProject
Project("{9A19103F-16F7-4668-BE54-9A1E7A4F7556}") = "PudelkoLib", "PudelkoLib\PudelkoLib.csproj", "{59F19659-7DD2-48FE-9D64-EDCF123CAA8E}"
EndProject
Project("{9A19103F-16F7-4668-BE54-9A1E7A4F7556}") = "PudelkoUnitTests", "PudelkoUnitTests\PudelkoUnitTests.csproj", "{73748FDA-50D5-4C07-8530-4DB57B10D576}"
EndProject
Global
	GlobalSection(SolutionConfigurationPlatforms) = preSolution
		Debug|Any CPU = Debug|Any CPU
		Release|Any CPU = Release|Any CPU
	EndGlobalSection
	GlobalSection(ProjectConfigurationPlatforms) = postSolution
		{BAECD01D-C433-4F01-9696-E7493CF10D1B}.Debug|Any CPU.ActiveCfg = Debug|Any CPU
		{BAECD01D-C433-4F01-9696-E7493CF10D1B}.Debug|Any CPU.Build.0 = Debug|Any CPU
		{BAECD01D-C433-4F01-9696-E7493CF10D1B}.Release|Any CPU.ActiveCfg = Release|Any CPU
		{BAECD01D-C433-4F01-9696-E7493CF10D1B}.Release|Any CPU.Build.0 = Release|Any CPU
		{59F19659-7DD2-48FE-9D64-EDCF123CAA8E}.Debug|Any CPU.ActiveCfg = Debug|Any CPU
		{59F19659-7DD2-48FE-9D64-EDCF123CAA8E}.Debug|Any CPU.Build.0 = Debug|Any CPU
		{59F19659-7DD2-48FE-9D64-EDCF123CAA8E}.Release|Any CPU.ActiveCfg = Release|Any CPU
		{59F19659-7DD2-48FE-9D64-EDCF123CAA8E}.Release|Any CPU.Build.0 = Release|Any CPU
		{73748FDA-50D5-4C07-8530-4DB57B10D576}.Debug|Any CPU.ActiveCfg = Debug|Any CPU
		{73748FDA-50D5-4C07-8530-4DB57B10D576}.Debug|Any CPU.Build.0 = Debug|Any CPU
		{73748FDA-50D5-4C07-8530-4DB57B10D576}.Release|Any CPU.ActiveCfg = Release|Any CPU
		{73748FDA-50D5-4C07-8530-4DB57B10D576}.Release|Any CPU.Build.0 = Release|Any CPU
	EndGlobalSection
	GlobalSection(SolutionProperties) = preSolution
		HideSolutionNode = FALSE
	EndGlobalSection
	GlobalSection(ExtensibilityGlobals) = postSolution
		SolutionGuid = {997F9794-A78B-4BC4-B59C-EE675D2292C6}
	EndGlobalSection
EndGlobal
